
Microsoft Visual Studio Solution File, Format Version 12.00
# Visual Studio Version 17
VisualStudioVersion = 17.4.33213.308
MinimumVisualStudioVersion = 10.0.40219.1
Project("{FAE04EC0-301F-11D3-BF4B-00C04F79EFBC}") = "Modern Governament", "Modern Governament\Modern Governament.csproj", "{85DFF133-2148-45C9-8CCB-1646D0213289}"
EndProject
Global
	GlobalSection(SolutionConfigurationPlatforms) = preSolution
		Debug|Any CPU = Debug|Any CPU
		Release|Any CPU = Release|Any CPU
	EndGlobalSection
	GlobalSection(ProjectConfigurationPlatforms) = postSolution
		{85DFF133-2148-45C9-8CCB-1646D0213289}.Debug|Any CPU.ActiveCfg = Debug|Any CPU
		{85DFF133-2148-45C9-8CCB-1646D0213289}.Debug|Any CPU.Build.0 = Debug|Any CPU
		{85DFF133-2148-45C9-8CCB-1646D0213289}.Release|Any CPU.ActiveCfg = Release|Any CPU
		{85DFF133-2148-45C9-8CCB-1646D0213289}.Release|Any CPU.Build.0 = Release|Any CPU
	EndGlobalSection
	GlobalSection(SolutionProperties) = preSolution
		HideSolutionNode = FALSE
	EndGlobalSection
	GlobalSection(ExtensibilityGlobals) = postSolution
		SolutionGuid = {672E9452-4BD7-4EA4-8335-D6D8BC0BA8C2}
	EndGlobalSection
EndGlobal
